dependencies:
- name: cluster
  repository: https://cloudnative-pg.github.io/charts
  version: 0.3.1
- name: vespa
  repository: https://onyx-dot-app.github.io/vespa-helm-charts
  version: 0.2.24
- name: nginx
  repository: oci://registry-1.docker.io/bitnamicharts
  version: 15.14.0
- name: redis
  repository: https://ot-container-kit.github.io/helm-charts/
  version: 0.16.6
- name: minio
  repository: oci://registry-1.docker.io/bitnamicharts
  version: 17.0.4
digest: sha256:3e6840437b1b880cd11ebec7c967535f26f3fe9f1ae1f1817f1a448401859fe3
generated: "2025-10-01T16:47:26.518909-07:00"
