dependencies:
- name: cluster
  repository: https://cloudnative-pg.github.io/charts
  version: 0.3.1
- name: vespa
  repository: https://onyx-dot-app.github.io/vespa-helm-charts
  version: 0.2.24
- name: nginx
  repository: oci://registry-1.docker.io/bitnamicharts
  version: 15.14.0
- name: redis
  repository: https://charts.bitnami.com/bitnami
  version: 20.1.0
- name: minio
  repository: oci://registry-1.docker.io/bitnamicharts
  version: 17.0.4
digest: sha256:27667f497bb881db08f1e6905707b71a9117af115876273f9ecb66cf99a798ba
generated: "2025-10-01T16:07:10.523724-07:00"
