dependencies:
- name: postgresql
  repository: https://charts.bitnami.com/bitnami
  version: 14.3.1
- name: vespa
  repository: https://onyx-dot-app.github.io/vespa-helm-charts
  version: 0.2.24
- name: ingress-nginx
  repository: https://kubernetes.github.io/ingress-nginx
  version: 4.13.3
- name: redis
  repository: https://charts.bitnami.com/bitnami
  version: 20.1.0
- name: minio
  repository: oci://registry-1.docker.io/bitnamicharts
  version: 17.0.4
digest: sha256:b2989bfffa809038de3dfacbe6c5107f34229d5fb3b4181066693d30e7138a9a
generated: "2025-10-02T13:00:55.1518-07:00"
